
Microsoft Visual Studio Solution File, Format Version 12.00
# Visual Studio 2015
Project("{FAE04EC0-301F-11D3-BF4B-00C04F79EFBC}") = "HotPatata.CSharp", "HotPatata.CSharp.csproj", "{137D9218-3E0C-4750-054D-3ED26FF7C1B5}"
EndProject
Project("{FAE04EC0-301F-11D3-BF4B-00C04F79EFBC}") = "HotPatata.CSharp.Editor", "HotPatata.CSharp.Editor.csproj", "{5911A287-1F00-3AB0-E890-706111EBCEA4}"
EndProject
Global
	GlobalSection(SolutionConfigurationPlatforms) = preSolution
		Debug|Any CPU = Debug|Any CPU
		Release|Any CPU = Release|Any CPU
	EndGlobalSection
	GlobalSection(ProjectConfigurationPlatforms) = postSolution
		{137D9218-3E0C-4750-054D-3ED26FF7C1B5}.Debug|Any CPU.ActiveCfg = Debug|Any CPU
		{137D9218-3E0C-4750-054D-3ED26FF7C1B5}.Debug|Any CPU.Build.0 = Debug|Any CPU
		{137D9218-3E0C-4750-054D-3ED26FF7C1B5}.Release|Any CPU.ActiveCfg = Release|Any CPU
		{137D9218-3E0C-4750-054D-3ED26FF7C1B5}.Release|Any CPU.Build.0 = Release|Any CPU
		{5911A287-1F00-3AB0-E890-706111EBCEA4}.Debug|Any CPU.ActiveCfg = Debug|Any CPU
		{5911A287-1F00-3AB0-E890-706111EBCEA4}.Debug|Any CPU.Build.0 = Debug|Any CPU
		{5911A287-1F00-3AB0-E890-706111EBCEA4}.Release|Any CPU.ActiveCfg = Release|Any CPU
		{5911A287-1F00-3AB0-E890-706111EBCEA4}.Release|Any CPU.Build.0 = Release|Any CPU
	EndGlobalSection
	GlobalSection(SolutionProperties) = preSolution
		HideSolutionNode = FALSE
	EndGlobalSection
EndGlobal
